# This file is automatically @generated by Cargo.
# It is not intended for manual editing.
version = 3

[[package]]
name = "bitcoin_hashes"
version = "0.10.0"
source = "registry+https://github.com/rust-lang/crates.io-index"
checksum = "006cc91e1a1d99819bc5b8214be3555c1f0611b169f527a1fdc54ed1f2b745b0"

[[package]]
name = "learn_blockchain"
version = "0.1.0"
dependencies = [
 "bitcoin_hashes",
 "utils",
]

[[package]]
name = "utils"
version = "0.1.0"
